<?xml version="1.0" encoding="utf-8"?>
<Project ToolsVersion="4.0" xmlns="http://schemas.microsoft.com/developer/msbuild/2003">
  <ItemGroup>
    <Filter Include="Source Files">
      <UniqueIdentifier>{4FC737F1-C7A5-4376-A066-2A32D752A2FF}</UniqueIdentifier>
      <Extensions>cpp;c;cc;cxx;c++;def;odl;idl;hpj;bat;asm;asmx</Extensions>
    </Filter>
    <Filter Include="Header Files">
      <UniqueIdentifier>{93995380-89BD-4b04-88EB-625FBE52EBFB}</UniqueIdentifier>
      <Extensions>h;hh;hpp;hxx;h++;hm;inl;inc;ipp;xsd</Extensions>
    </Filter>
    <Filter Include="Resource Files">
      <UniqueIdentifier>{67DA6AB6-F800-4c08-8B7A-83BB121AAD01}</UniqueIdentifier>
      <Extensions>rc;ico;cur;bmp;dlg;rc2;rct;bin;rgs;gif;jpg;jpeg;jpe;resx;tiff;tif;png;wav;mfcribbon-ms</Extensions>
    </Filter>
    <Filter Include="Source Files\Group">
      <UniqueIdentifier>{ec142ac3-391a-4ca8-a743-08d1e4c7c05c}</UniqueIdentifier>
    </Filter>
    <Filter Include="Source Files\Memory">
      <UniqueIdentifier>{157aac40-4473-4a97-8f67-fa3b39331d35}</UniqueIdentifier>
    </Filter>
    <Filter Include="Source Files\Shared">
      <UniqueIdentifier>{4a94a577-92d0-4b9a-82dd-a422d9cf3e59}</UniqueIdentifier>
    </Filter>
    <Filter Include="Source Files\Shared\Memory">
      <UniqueIdentifier>{a4baec95-0ef1-43e9-8054-7ade0b5c464c}</UniqueIdentifier>
    </Filter>
    <Filter Include="Source Files\Shared\Packets">
      <UniqueIdentifier>{ab8550ca-1c23-4f61-959b-502f90a94fd3}</UniqueIdentifier>
    </Filter>
    <Filter Include="Source Files\Shared\Packets\Communication">
      <UniqueIdentifier>{712e5980-52f9-49a0-8857-2d3590f3a1e8}</UniqueIdentifier>
    </Filter>
  </ItemGroup>
  <ItemGroup>
    <ClCompile Include="Playground.cpp">
      <Filter>Source Files</Filter>
    </ClCompile>
    <ClCompile Include="LinkedList.cpp">
      <Filter>Source Files\Memory</Filter>
    </ClCompile>
    <ClCompile Include="Packet.cpp">
      <Filter>Source Files\Shared\Packets</Filter>
    </ClCompile>
    <ClCompile Include="stdafx.cpp">
      <Filter>Source Files</Filter>
    </ClCompile>
  </ItemGroup>
  <ItemGroup>
    <ClInclude Include="Group.h">
      <Filter>Source Files\Group</Filter>
    </ClInclude>
    <ClInclude Include="LinkedList.h">
      <Filter>Source Files\Memory</Filter>
    </ClInclude>
    <ClInclude Include="Reference Group.h">
      <Filter>Source Files\Memory</Filter>
    </ClInclude>
    <ClInclude Include="Reference.h">
      <Filter>Source Files\Memory</Filter>
    </ClInclude>
    <ClInclude Include="Allocator.h">
      <Filter>Source Files\Shared\Memory</Filter>
    </ClInclude>
    <ClInclude Include="LoginPackets.h">
      <Filter>Source Files\Shared\Packets\Communication</Filter>
    </ClInclude>
    <ClInclude Include="Packet.h">
      <Filter>Source Files\Shared\Packets</Filter>
    </ClInclude>
    <ClInclude Include="PacketRegistry.h">
      <Filter>Source Files\Shared\Packets</Filter>
    </ClInclude>
    <ClInclude Include="Shared.h">
      <Filter>Source Files\Shared</Filter>
    </ClInclude>
    <ClInclude Include="Client.h">
      <Filter>Source Files</Filter>
    </ClInclude>
    <ClInclude Include="main.h">
      <Filter>Source Files</Filter>
    </ClInclude>
    <ClInclude Include="ObjectUID.h">
      <Filter>Source Files</Filter>
    </ClInclude>
    <ClInclude Include="stdafx.h">
      <Filter>Header Files</Filter>
    </ClInclude>
    <ClInclude Include="targetver.h">
      <Filter>Header Files</Filter>
    </ClInclude>
  </ItemGroup>
</Project>